
Microsoft Visual Studio Solution File, Format Version 12.00
# Visual Studio Version 17
VisualStudioVersion = 17.4.33213.308
MinimumVisualStudioVersion = 10.0.40219.1
Project("{FAE04EC0-301F-11D3-BF4B-00C04F79EFBC}") = "BJJ-Trainer-Assist", "BJJ-Trainer-Assist.csproj", "{6DEE9DE4-8D4C-4D3C-AF30-B3930515905A}"
EndProject
Global
	GlobalSection(SolutionConfigurationPlatforms) = preSolution
		Debug|Any CPU = Debug|Any CPU
		Release|Any CPU = Release|Any CPU
	EndGlobalSection
	GlobalSection(ProjectConfigurationPlatforms) = postSolution
		{6DEE9DE4-8D4C-4D3C-AF30-B3930515905A}.Debug|Any CPU.ActiveCfg = Debug|Any CPU
		{6DEE9DE4-8D4C-4D3C-AF30-B3930515905A}.Debug|Any CPU.Build.0 = Debug|Any CPU
		{6DEE9DE4-8D4C-4D3C-AF30-B3930515905A}.Release|Any CPU.ActiveCfg = Release|Any CPU
		{6DEE9DE4-8D4C-4D3C-AF30-B3930515905A}.Release|Any CPU.Build.0 = Release|Any CPU
	EndGlobalSection
	GlobalSection(SolutionProperties) = preSolution
		HideSolutionNode = FALSE
	EndGlobalSection
	GlobalSection(ExtensibilityGlobals) = postSolution
		SolutionGuid = {0CD6781B-7EB4-47DD-9B78-37F920681D60}
	EndGlobalSection
EndGlobal
